Microsoft Visual Studio Solution File, Format Version 11.00
# Visual Studio 2008

Project("{03C2CA8F-0B14-BC9E-FAEE-301DF7FD68BB}") = "SantaRun", "Assembly-CSharp-firstpass.csproj", "{D4EBB2F4-6187-5B22-64B0-5F61723D9F56}"
EndProject
Project("{03C2CA8F-0B14-BC9E-FAEE-301DF7FD68BB}") = "SantaRun", "Assembly-CSharp.csproj", "{ED7C9C69-9761-0B36-1AF8-6440CF93250C}"
EndProject
Project("{03C2CA8F-0B14-BC9E-FAEE-301DF7FD68BB}") = "SantaRun", "Assembly-CSharp-Editor.csproj", "{8AB6E8F3-753A-EBFD-95DA-3FED407CD5B1}"
EndProject
Global
	GlobalSection(SolutionConfigurationPlatforms) = preSolution
		Debug|Any CPU = Debug|Any CPU
		Release|Any CPU = Release|Any CPU
	EndGlobalSection
	GlobalSection(ProjectConfigurationPlatforms) = postSolution
		{D4EBB2F4-6187-5B22-64B0-5F61723D9F56}.Debug|Any CPU.ActiveCfg = Debug|Any CPU
		{D4EBB2F4-6187-5B22-64B0-5F61723D9F56}.Debug|Any CPU.Build.0 = Debug|Any CPU
		{D4EBB2F4-6187-5B22-64B0-5F61723D9F56}.Release|Any CPU.ActiveCfg = Release|Any CPU
		{D4EBB2F4-6187-5B22-64B0-5F61723D9F56}.Release|Any CPU.Build.0 = Release|Any CPU
		{ED7C9C69-9761-0B36-1AF8-6440CF93250C}.Debug|Any CPU.ActiveCfg = Debug|Any CPU
		{ED7C9C69-9761-0B36-1AF8-6440CF93250C}.Debug|Any CPU.Build.0 = Debug|Any CPU
		{ED7C9C69-9761-0B36-1AF8-6440CF93250C}.Release|Any CPU.ActiveCfg = Release|Any CPU
		{ED7C9C69-9761-0B36-1AF8-6440CF93250C}.Release|Any CPU.Build.0 = Release|Any CPU
		{8AB6E8F3-753A-EBFD-95DA-3FED407CD5B1}.Debug|Any CPU.ActiveCfg = Debug|Any CPU
		{8AB6E8F3-753A-EBFD-95DA-3FED407CD5B1}.Debug|Any CPU.Build.0 = Debug|Any CPU
		{8AB6E8F3-753A-EBFD-95DA-3FED407CD5B1}.Release|Any CPU.ActiveCfg = Release|Any CPU
		{8AB6E8F3-753A-EBFD-95DA-3FED407CD5B1}.Release|Any CPU.Build.0 = Release|Any CPU
	EndGlobalSection
	GlobalSection(SolutionProperties) = preSolution
		HideSolutionNode = FALSE
	EndGlobalSection
	GlobalSection(MonoDevelopProperties) = preSolution
		StartupItem = Assembly-CSharp.csproj
	EndGlobalSection
EndGlobal
